
Microsoft Visual Studio Solution File, Format Version 12.00
# Visual Studio Version 17
VisualStudioVersion = 17.14.36401.2
MinimumVisualStudioVersion = 10.0.40219.1
Project("{9A19103F-16F7-4668-BE54-9A1E7A4F7556}") = "AP.BTP.Application", "AP.BTP.Application\AP.BTP.Application.csproj", "{26267997-2083-4924-93BC-BF4FCE54EE22}"
EndProject
Project("{2150E333-8FDC-42A3-9474-1A3956D46DE8}") = "ApplicationCore", "ApplicationCore", "{02EA681E-C7D8-13C7-8484-4AC65E1B71E8}"
EndProject
Project("{9A19103F-16F7-4668-BE54-9A1E7A4F7556}") = "AP.BTP.Domain", "AP.BTP.Domain\AP.BTP.Domain.csproj", "{8B61AD4E-9C7F-4726-A6C9-75AB444BB49F}"
EndProject
Project("{2150E333-8FDC-42A3-9474-1A3956D46DE8}") = "Infrastructure", "Infrastructure", "{F599AD1B-4341-404D-B73C-88C3F1835213}"
EndProject
Project("{2150E333-8FDC-42A3-9474-1A3956D46DE8}") = "Presentation", "Presentation", "{3FBBDB13-447B-4B2C-BAA9-6EE7ACD46956}"
EndProject
Project("{2150E333-8FDC-42A3-9474-1A3956D46DE8}") = "Testing", "Testing", "{D0E2CA51-098B-443C-B982-A5100581D4AE}"
EndProject
Project("{9A19103F-16F7-4668-BE54-9A1E7A4F7556}") = "AP.BTP.Infrastructure", "AP.BTP.Infrastructure\AP.BTP.Infrastructure.csproj", "{179B24DD-A068-4806-8002-87528E63074E}"
EndProject
Project("{9A19103F-16F7-4668-BE54-9A1E7A4F7556}") = "AP.BTP.UnitTests", "AP.BTP.UnitTests\AP.BTP.UnitTests.csproj", "{9743533A-D45A-4AB4-90DA-B1BB3E407980}"
EndProject
Project("{9A19103F-16F7-4668-BE54-9A1E7A4F7556}") = "AP.BTP.API", "AP.BTP.API\AP.BTP.API.csproj", "{B3956A6C-C365-4338-BFE3-D6B9B2B654E9}"
EndProject
Project("{9A19103F-16F7-4668-BE54-9A1E7A4F7556}") = "AP.BTP.UI", "AP.BTP.UI\AP.BTP.UI.csproj", "{27FE76BB-D296-402C-8521-879258206B78}"
EndProject
Project("{FAE04EC0-301F-11D3-BF4B-00C04F79EFBC}") = "AP.BTP.MobileUI", "AP.BTP.MobileUI\AP.BTP.MobileUI.csproj", "{10DC9DD5-7CE6-414C-97A5-BF498B9871CD}"
EndProject
Global
	GlobalSection(SolutionConfigurationPlatforms) = preSolution
		Debug|Any CPU = Debug|Any CPU
		Release|Any CPU = Release|Any CPU
	EndGlobalSection
	GlobalSection(ProjectConfigurationPlatforms) = postSolution
		{26267997-2083-4924-93BC-BF4FCE54EE22}.Debug|Any CPU.ActiveCfg = Debug|Any CPU
		{26267997-2083-4924-93BC-BF4FCE54EE22}.Debug|Any CPU.Build.0 = Debug|Any CPU
		{26267997-2083-4924-93BC-BF4FCE54EE22}.Release|Any CPU.ActiveCfg = Release|Any CPU
		{26267997-2083-4924-93BC-BF4FCE54EE22}.Release|Any CPU.Build.0 = Release|Any CPU
		{8B61AD4E-9C7F-4726-A6C9-75AB444BB49F}.Debug|Any CPU.ActiveCfg = Debug|Any CPU
		{8B61AD4E-9C7F-4726-A6C9-75AB444BB49F}.Debug|Any CPU.Build.0 = Debug|Any CPU
		{8B61AD4E-9C7F-4726-A6C9-75AB444BB49F}.Release|Any CPU.ActiveCfg = Release|Any CPU
		{8B61AD4E-9C7F-4726-A6C9-75AB444BB49F}.Release|Any CPU.Build.0 = Release|Any CPU
		{179B24DD-A068-4806-8002-87528E63074E}.Debug|Any CPU.ActiveCfg = Debug|Any CPU
		{179B24DD-A068-4806-8002-87528E63074E}.Debug|Any CPU.Build.0 = Debug|Any CPU
		{179B24DD-A068-4806-8002-87528E63074E}.Release|Any CPU.ActiveCfg = Release|Any CPU
		{179B24DD-A068-4806-8002-87528E63074E}.Release|Any CPU.Build.0 = Release|Any CPU
		{9743533A-D45A-4AB4-90DA-B1BB3E407980}.Debug|Any CPU.ActiveCfg = Debug|Any CPU
		{9743533A-D45A-4AB4-90DA-B1BB3E407980}.Debug|Any CPU.Build.0 = Debug|Any CPU
		{9743533A-D45A-4AB4-90DA-B1BB3E407980}.Release|Any CPU.ActiveCfg = Release|Any CPU
		{9743533A-D45A-4AB4-90DA-B1BB3E407980}.Release|Any CPU.Build.0 = Release|Any CPU
		{B3956A6C-C365-4338-BFE3-D6B9B2B654E9}.Debug|Any CPU.ActiveCfg = Debug|Any CPU
		{B3956A6C-C365-4338-BFE3-D6B9B2B654E9}.Debug|Any CPU.Build.0 = Debug|Any CPU
		{B3956A6C-C365-4338-BFE3-D6B9B2B654E9}.Release|Any CPU.ActiveCfg = Release|Any CPU
		{B3956A6C-C365-4338-BFE3-D6B9B2B654E9}.Release|Any CPU.Build.0 = Release|Any CPU
		{27FE76BB-D296-402C-8521-879258206B78}.Debug|Any CPU.ActiveCfg = Debug|Any CPU
		{27FE76BB-D296-402C-8521-879258206B78}.Debug|Any CPU.Build.0 = Debug|Any CPU
		{27FE76BB-D296-402C-8521-879258206B78}.Release|Any CPU.ActiveCfg = Release|Any CPU
		{27FE76BB-D296-402C-8521-879258206B78}.Release|Any CPU.Build.0 = Release|Any CPU
		{10DC9DD5-7CE6-414C-97A5-BF498B9871CD}.Debug|Any CPU.ActiveCfg = Debug|Any CPU
		{10DC9DD5-7CE6-414C-97A5-BF498B9871CD}.Debug|Any CPU.Build.0 = Debug|Any CPU
		{10DC9DD5-7CE6-414C-97A5-BF498B9871CD}.Release|Any CPU.ActiveCfg = Release|Any CPU
		{10DC9DD5-7CE6-414C-97A5-BF498B9871CD}.Release|Any CPU.Build.0 = Release|Any CPU
	EndGlobalSection
	GlobalSection(SolutionProperties) = preSolution
		HideSolutionNode = FALSE
	EndGlobalSection
	GlobalSection(NestedProjects) = preSolution
		{26267997-2083-4924-93BC-BF4FCE54EE22} = {02EA681E-C7D8-13C7-8484-4AC65E1B71E8}
		{8B61AD4E-9C7F-4726-A6C9-75AB444BB49F} = {02EA681E-C7D8-13C7-8484-4AC65E1B71E8}
		{179B24DD-A068-4806-8002-87528E63074E} = {F599AD1B-4341-404D-B73C-88C3F1835213}
		{9743533A-D45A-4AB4-90DA-B1BB3E407980} = {D0E2CA51-098B-443C-B982-A5100581D4AE}
		{B3956A6C-C365-4338-BFE3-D6B9B2B654E9} = {3FBBDB13-447B-4B2C-BAA9-6EE7ACD46956}
		{27FE76BB-D296-402C-8521-879258206B78} = {3FBBDB13-447B-4B2C-BAA9-6EE7ACD46956}
		{10DC9DD5-7CE6-414C-97A5-BF498B9871CD} = {3FBBDB13-447B-4B2C-BAA9-6EE7ACD46956}
	EndGlobalSection
	GlobalSection(ExtensibilityGlobals) = postSolution
		SolutionGuid = {195D5925-6A98-420C-ADA1-C9FEEED024AD}
	EndGlobalSection
EndGlobal
